{
  "nodes": {
    "circtSrc": {
      "flake": false,
      "locked": {
        "lastModified": 1701546577,
        "narHash": "sha256-hT4Xar1wZ1L398j6oAERgUYfEKy4JxdMnPMsHy8SqsE=",
        "ref": "refs/heads/main",
        "rev": "670a34716a6887c532aceed89217d950728f7641",
        "shallow": true,
        "submodules": true,
        "type": "git",
        "url": "https://github.com/llvm/circt"
      },
      "original": {
        "shallow": true,
        "submodules": true,
        "type": "git",
        "url": "https://github.com/llvm/circt"
      }
    },
    "flake-utils": {
      "inputs": {
        "systems": "systems"
      },
      "locked": {
        "lastModified": 1694529238,
        "narHash": "sha256-zsNZZGTGnMOf9YpHKJqMSsa0dXbfmxeoJ7xHlrt+xmY=",
        "owner": "numtide",
        "repo": "flake-utils",
        "rev": "ff7b65b44d01cf9ba6a71320833626af21126384",
        "type": "github"
      },
      "original": {
        "owner": "numtide",
        "repo": "flake-utils",
        "type": "github"
      }
    },
    "nixpkgs": {
      "locked": {
        "lastModified": 1701614968,
        "narHash": "sha256-qtsL6AW33SPO1Bfa3GnqmiBpMJPRegVzwMjGXyvjbFc=",
        "owner": "NixOS",
        "repo": "nixpkgs",
        "rev": "18f875916745f288c653c6720195a0c82a58828e",
        "type": "github"
      },
      "original": {
        "owner": "NixOS",
        "ref": "master",
        "repo": "nixpkgs",
        "type": "github"
      }
    },
    "root": {
      "inputs": {
        "circtSrc": "circtSrc",
        "flake-utils": "flake-utils",
        "nixpkgs": "nixpkgs"
      }
    },
    "systems": {
      "locked": {
        "lastModified": 1681028828,
        "narHash": "sha256-Vy1rq5AaRuLzOxct8nz4T6wlgyUR7zLU309k9mBC768=",
        "owner": "nix-systems",
        "repo": "default",
        "rev": "da67096a3b9bf56a91d16901293e51ba5b49a27e",
        "type": "github"
      },
      "original": {
        "owner": "nix-systems",
        "repo": "default",
        "type": "github"
      }
    }
  },
  "root": "root",
  "version": 7
}
