{
  "nodes": {
    "circtSrc": {
      "flake": false,
      "locked": {
        "lastModified": 1698112219,
        "narHash": "sha256-ELek/eT4lgDISqMExhha/aTSr7EIgC/nR+P2BQlIn0Y=",
        "ref": "refs/heads/main",
        "rev": "beb9c36acde0232b866aacaf331843ac15272141",
        "shallow": true,
        "submodules": true,
        "type": "git",
        "url": "https://github.com/llvm/circt"
      },
      "original": {
        "shallow": true,
        "submodules": true,
        "type": "git",
        "url": "https://github.com/llvm/circt"
      }
    },
    "flake-utils": {
      "inputs": {
        "systems": "systems"
      },
      "locked": {
        "lastModified": 1694529238,
        "narHash": "sha256-zsNZZGTGnMOf9YpHKJqMSsa0dXbfmxeoJ7xHlrt+xmY=",
        "owner": "numtide",
        "repo": "flake-utils",
        "rev": "ff7b65b44d01cf9ba6a71320833626af21126384",
        "type": "github"
      },
      "original": {
        "owner": "numtide",
        "repo": "flake-utils",
        "type": "github"
      }
    },
    "nixpkgs": {
      "locked": {
        "lastModified": 1697270026,
        "narHash": "sha256-MrMgRlFe/B4RBRZXT++C+BV3FAGevJJCNKm87E+97jY=",
        "owner": "NixOS",
        "repo": "nixpkgs",
        "rev": "4fc27bc59ea4b7b93fb372f4740303c7195dfb0b",
        "type": "github"
      },
      "original": {
        "owner": "NixOS",
        "ref": "master",
        "repo": "nixpkgs",
        "type": "github"
      }
    },
    "root": {
      "inputs": {
        "circtSrc": "circtSrc",
        "flake-utils": "flake-utils",
        "nixpkgs": "nixpkgs"
      }
    },
    "systems": {
      "locked": {
        "lastModified": 1681028828,
        "narHash": "sha256-Vy1rq5AaRuLzOxct8nz4T6wlgyUR7zLU309k9mBC768=",
        "owner": "nix-systems",
        "repo": "default",
        "rev": "da67096a3b9bf56a91d16901293e51ba5b49a27e",
        "type": "github"
      },
      "original": {
        "owner": "nix-systems",
        "repo": "default",
        "type": "github"
      }
    }
  },
  "root": "root",
  "version": 7
}
